
Microsoft Visual Studio Solution File, Format Version 12.00
# Visual Studio 2015
Project("{FAE04EC0-301F-11D3-BF4B-00C04F79EFBC}") = "PathFinding", "PathFinding.csproj", "{1E796BD5-E8EA-B7DC-12BB-9DCF4B72240F}"
EndProject
Global
	GlobalSection(SolutionConfigurationPlatforms) = preSolution
		Debug|Any CPU = Debug|Any CPU
		Release|Any CPU = Release|Any CPU
	EndGlobalSection
	GlobalSection(ProjectConfigurationPlatforms) = postSolution
		{1E796BD5-E8EA-B7DC-12BB-9DCF4B72240F}.Debug|Any CPU.ActiveCfg = Debug|Any CPU
		{1E796BD5-E8EA-B7DC-12BB-9DCF4B72240F}.Debug|Any CPU.Build.0 = Debug|Any CPU
		{1E796BD5-E8EA-B7DC-12BB-9DCF4B72240F}.Release|Any CPU.ActiveCfg = Release|Any CPU
		{1E796BD5-E8EA-B7DC-12BB-9DCF4B72240F}.Release|Any CPU.Build.0 = Release|Any CPU
	EndGlobalSection
	GlobalSection(SolutionProperties) = preSolution
		HideSolutionNode = FALSE
	EndGlobalSection
EndGlobal
